
Microsoft Visual Studio Solution File, Format Version 12.00
# Visual Studio Version 17
VisualStudioVersion = 17.12.35527.113 d17.12
MinimumVisualStudioVersion = 10.0.40219.1
Project("{2150E333-8FDC-42A3-9474-1A3956D46DE8}") = "src", "src", "{EEB40267-E2CE-4940-A421-A1C53240611C}"
EndProject
Project("{2150E333-8FDC-42A3-9474-1A3956D46DE8}") = "Core", "Core", "{53D30432-87EF-42FF-B4FA-15AFF2801285}"
EndProject
Project("{FAE04EC0-301F-11D3-BF4B-00C04F79EFBC}") = "ECommerce.Domain", "ECommerce.Domain\ECommerce.Domain.csproj", "{3829CADF-6BF2-48EC-AE8C-51DFB7E5B48C}"
EndProject
Project("{FAE04EC0-301F-11D3-BF4B-00C04F79EFBC}") = "ECommerce.Application", "ECommerce.Application\ECommerce.Application.csproj", "{C5DC22E8-95BC-44A2-8CB2-52D724641614}"
EndProject
Project("{2150E333-8FDC-42A3-9474-1A3956D46DE8}") = "Infrastructure", "Infrastructure", "{B5EF30D9-A86A-4F0A-A0B6-0F1AC03B379A}"
EndProject
Project("{FAE04EC0-301F-11D3-BF4B-00C04F79EFBC}") = "ECommerce.Infrastructure", "ECommerce.Infrastructure\ECommerce.Infrastructure.csproj", "{75BC1323-CB23-4DBD-9CD4-3D40C1E2844C}"
EndProject
Project("{FAE04EC0-301F-11D3-BF4B-00C04F79EFBC}") = "ECommerce.Identity", "ECommerce.Identity\ECommerce.Identity.csproj", "{23848F05-C84A-4C31-ADC8-27E26AA8B672}"
EndProject
Global
	GlobalSection(SolutionConfigurationPlatforms) = preSolution
		Debug|Any CPU = Debug|Any CPU
		Release|Any CPU = Release|Any CPU
	EndGlobalSection
	GlobalSection(ProjectConfigurationPlatforms) = postSolution
		{3829CADF-6BF2-48EC-AE8C-51DFB7E5B48C}.Debug|Any CPU.ActiveCfg = Debug|Any CPU
		{3829CADF-6BF2-48EC-AE8C-51DFB7E5B48C}.Debug|Any CPU.Build.0 = Debug|Any CPU
		{3829CADF-6BF2-48EC-AE8C-51DFB7E5B48C}.Release|Any CPU.ActiveCfg = Release|Any CPU
		{3829CADF-6BF2-48EC-AE8C-51DFB7E5B48C}.Release|Any CPU.Build.0 = Release|Any CPU
		{C5DC22E8-95BC-44A2-8CB2-52D724641614}.Debug|Any CPU.ActiveCfg = Debug|Any CPU
		{C5DC22E8-95BC-44A2-8CB2-52D724641614}.Debug|Any CPU.Build.0 = Debug|Any CPU
		{C5DC22E8-95BC-44A2-8CB2-52D724641614}.Release|Any CPU.ActiveCfg = Release|Any CPU
		{C5DC22E8-95BC-44A2-8CB2-52D724641614}.Release|Any CPU.Build.0 = Release|Any CPU
		{75BC1323-CB23-4DBD-9CD4-3D40C1E2844C}.Debug|Any CPU.ActiveCfg = Debug|Any CPU
		{75BC1323-CB23-4DBD-9CD4-3D40C1E2844C}.Debug|Any CPU.Build.0 = Debug|Any CPU
		{75BC1323-CB23-4DBD-9CD4-3D40C1E2844C}.Release|Any CPU.ActiveCfg = Release|Any CPU
		{75BC1323-CB23-4DBD-9CD4-3D40C1E2844C}.Release|Any CPU.Build.0 = Release|Any CPU
		{23848F05-C84A-4C31-ADC8-27E26AA8B672}.Debug|Any CPU.ActiveCfg = Debug|Any CPU
		{23848F05-C84A-4C31-ADC8-27E26AA8B672}.Debug|Any CPU.Build.0 = Debug|Any CPU
		{23848F05-C84A-4C31-ADC8-27E26AA8B672}.Release|Any CPU.ActiveCfg = Release|Any CPU
		{23848F05-C84A-4C31-ADC8-27E26AA8B672}.Release|Any CPU.Build.0 = Release|Any CPU
	EndGlobalSection
	GlobalSection(SolutionProperties) = preSolution
		HideSolutionNode = FALSE
	EndGlobalSection
	GlobalSection(NestedProjects) = preSolution
		{53D30432-87EF-42FF-B4FA-15AFF2801285} = {EEB40267-E2CE-4940-A421-A1C53240611C}
		{3829CADF-6BF2-48EC-AE8C-51DFB7E5B48C} = {53D30432-87EF-42FF-B4FA-15AFF2801285}
		{C5DC22E8-95BC-44A2-8CB2-52D724641614} = {53D30432-87EF-42FF-B4FA-15AFF2801285}
		{B5EF30D9-A86A-4F0A-A0B6-0F1AC03B379A} = {EEB40267-E2CE-4940-A421-A1C53240611C}
		{75BC1323-CB23-4DBD-9CD4-3D40C1E2844C} = {B5EF30D9-A86A-4F0A-A0B6-0F1AC03B379A}
		{23848F05-C84A-4C31-ADC8-27E26AA8B672} = {B5EF30D9-A86A-4F0A-A0B6-0F1AC03B379A}
	EndGlobalSection
EndGlobal
