
Microsoft Visual Studio Solution File, Format Version 12.00
# Visual Studio Version 17
VisualStudioVersion = 17.12.35527.113 d17.12
MinimumVisualStudioVersion = 10.0.40219.1
Project("{FAE04EC0-301F-11D3-BF4B-00C04F79EFBC}") = "InsuranceApp", "InsuranceApp.csproj", "{2DE7B021-A362-4FF2-A1F4-ED41264936FF}"
EndProject
Global
	GlobalSection(SolutionConfigurationPlatforms) = preSolution
		Debug|Any CPU = Debug|Any CPU
		Release|Any CPU = Release|Any CPU
	EndGlobalSection
	GlobalSection(ProjectConfigurationPlatforms) = postSolution
		{2DE7B021-A362-4FF2-A1F4-ED41264936FF}.Debug|Any CPU.ActiveCfg = Debug|Any CPU
		{2DE7B021-A362-4FF2-A1F4-ED41264936FF}.Debug|Any CPU.Build.0 = Debug|Any CPU
		{2DE7B021-A362-4FF2-A1F4-ED41264936FF}.Release|Any CPU.ActiveCfg = Release|Any CPU
		{2DE7B021-A362-4FF2-A1F4-ED41264936FF}.Release|Any CPU.Build.0 = Release|Any CPU
	EndGlobalSection
	GlobalSection(SolutionProperties) = preSolution
		HideSolutionNode = FALSE
	EndGlobalSection
EndGlobal
