
Microsoft Visual Studio Solution File, Format Version 12.00
# Visual Studio Version 17
VisualStudioVersion = 17.12.35527.113 d17.12
MinimumVisualStudioVersion = 10.0.40219.1
Project("{FAE04EC0-301F-11D3-BF4B-00C04F79EFBC}") = "Ques1", "Ques1\Ques1.csproj", "{806CAF40-24AF-4F1F-8559-235C9C6E5F02}"
EndProject
Project("{FAE04EC0-301F-11D3-BF4B-00C04F79EFBC}") = "Ques2", "Ques2\Ques2.csproj", "{B3FD4207-94FB-4BEE-951D-28428D75928D}"
EndProject
Global
	GlobalSection(SolutionConfigurationPlatforms) = preSolution
		Debug|Any CPU = Debug|Any CPU
		Release|Any CPU = Release|Any CPU
	EndGlobalSection
	GlobalSection(ProjectConfigurationPlatforms) = postSolution
		{806CAF40-24AF-4F1F-8559-235C9C6E5F02}.Debug|Any CPU.ActiveCfg = Debug|Any CPU
		{806CAF40-24AF-4F1F-8559-235C9C6E5F02}.Debug|Any CPU.Build.0 = Debug|Any CPU
		{806CAF40-24AF-4F1F-8559-235C9C6E5F02}.Release|Any CPU.ActiveCfg = Release|Any CPU
		{806CAF40-24AF-4F1F-8559-235C9C6E5F02}.Release|Any CPU.Build.0 = Release|Any CPU
		{B3FD4207-94FB-4BEE-951D-28428D75928D}.Debug|Any CPU.ActiveCfg = Debug|Any CPU
		{B3FD4207-94FB-4BEE-951D-28428D75928D}.Debug|Any CPU.Build.0 = Debug|Any CPU
		{B3FD4207-94FB-4BEE-951D-28428D75928D}.Release|Any CPU.ActiveCfg = Release|Any CPU
		{B3FD4207-94FB-4BEE-951D-28428D75928D}.Release|Any CPU.Build.0 = Release|Any CPU
	EndGlobalSection
	GlobalSection(SolutionProperties) = preSolution
		HideSolutionNode = FALSE
	EndGlobalSection
EndGlobal
