
Microsoft Visual Studio Solution File, Format Version 12.00
# Visual Studio Version 17
VisualStudioVersion = 17.12.35527.113 d17.12
MinimumVisualStudioVersion = 10.0.40219.1
Project("{FAE04EC0-301F-11D3-BF4B-00C04F79EFBC}") = "Question1", "Question1\Question1.csproj", "{A69D6A6D-9CE3-42A2-A2D4-0597459E1F56}"
EndProject
Project("{FAE04EC0-301F-11D3-BF4B-00C04F79EFBC}") = "Question2", "Question2\Question2.csproj", "{3BBA7B42-044D-4EB7-80A4-34DF33B12ACD}"
EndProject
Global
	GlobalSection(SolutionConfigurationPlatforms) = preSolution
		Debug|Any CPU = Debug|Any CPU
		Release|Any CPU = Release|Any CPU
	EndGlobalSection
	GlobalSection(ProjectConfigurationPlatforms) = postSolution
		{A69D6A6D-9CE3-42A2-A2D4-0597459E1F56}.Debug|Any CPU.ActiveCfg = Debug|Any CPU
		{A69D6A6D-9CE3-42A2-A2D4-0597459E1F56}.Debug|Any CPU.Build.0 = Debug|Any CPU
		{A69D6A6D-9CE3-42A2-A2D4-0597459E1F56}.Release|Any CPU.ActiveCfg = Release|Any CPU
		{A69D6A6D-9CE3-42A2-A2D4-0597459E1F56}.Release|Any CPU.Build.0 = Release|Any CPU
		{3BBA7B42-044D-4EB7-80A4-34DF33B12ACD}.Debug|Any CPU.ActiveCfg = Debug|Any CPU
		{3BBA7B42-044D-4EB7-80A4-34DF33B12ACD}.Debug|Any CPU.Build.0 = Debug|Any CPU
		{3BBA7B42-044D-4EB7-80A4-34DF33B12ACD}.Release|Any CPU.ActiveCfg = Release|Any CPU
		{3BBA7B42-044D-4EB7-80A4-34DF33B12ACD}.Release|Any CPU.Build.0 = Release|Any CPU
	EndGlobalSection
	GlobalSection(SolutionProperties) = preSolution
		HideSolutionNode = FALSE
	EndGlobalSection
EndGlobal
